<?xml version="1.0" encoding="utf-8"?>
<Project ToolsVersion="4.0" xmlns="http://schemas.microsoft.com/developer/msbuild/2003">
  <ItemGroup>
    <Filter Include="Archivos de origen">
      <UniqueIdentifier>{4FC737F1-C7A5-4376-A066-2A32D752A2FF}</UniqueIdentifier>
      <Extensions>cpp;c;cc;cxx;c++;cppm;ixx;def;odl;idl;hpj;bat;asm;asmx</Extensions>
    </Filter>
    <Filter Include="Archivos de encabezado">
      <UniqueIdentifier>{93995380-89BD-4b04-88EB-625FBE52EBFB}</UniqueIdentifier>
      <Extensions>h;hh;hpp;hxx;h++;hm;inl;inc;ipp;xsd</Extensions>
    </Filter>
    <Filter Include="Archivos de recursos">
      <UniqueIdentifier>{67DA6AB6-F800-4c08-8B7A-83BB121AAD01}</UniqueIdentifier>
      <Extensions>rc;ico;cur;bmp;dlg;rc2;rct;bin;rgs;gif;jpg;jpeg;jpe;resx;tiff;tif;png;wav;mfcribbon-ms</Extensions>
    </Filter>
    <Filter Include="Archivos de encabezado\GameManager">
      <UniqueIdentifier>{f43cfddc-0e58-440c-b675-53a4e26e1e2f}</UniqueIdentifier>
    </Filter>
    <Filter Include="Archivos de origen\GameManager">
      <UniqueIdentifier>{d0b3a3f3-f150-46a2-a7b8-5d2625472287}</UniqueIdentifier>
    </Filter>
    <Filter Include="Archivos de encabezado\GameManager\Backgrounds">
      <UniqueIdentifier>{3e4ce046-9f3e-43ba-beee-c4dd95c60a5e}</UniqueIdentifier>
    </Filter>
    <Filter Include="Archivos de origen\GameManager\Backgrounds">
      <UniqueIdentifier>{63d3b42b-0905-4f4a-b6f7-573f47054206}</UniqueIdentifier>
    </Filter>
    <Filter Include="Archivos de encabezado\GameManager\Characters">
      <UniqueIdentifier>{8d1dbdee-aa27-4796-90c4-29895cdd4e70}</UniqueIdentifier>
    </Filter>
  </ItemGroup>
  <ItemGroup>
    <ClCompile Include="Mortal_Kombat.cpp">
      <Filter>Archivos de origen</Filter>
    </ClCompile>
    <ClCompile Include="EventManager.cpp">
      <Filter>Archivos de origen\GameManager</Filter>
    </ClCompile>
    <ClCompile Include="StartManager.cpp">
      <Filter>Archivos de origen\GameManager</Filter>
    </ClCompile>
    <ClCompile Include="MenuManager.cpp">
      <Filter>Archivos de origen\GameManager</Filter>
    </ClCompile>
    <ClCompile Include="OptionsManager.cpp">
      <Filter>Archivos de origen\GameManager</Filter>
    </ClCompile>
    <ClCompile Include="TransitionManager.cpp">
      <Filter>Archivos de origen\GameManager</Filter>
    </ClCompile>
    <ClCompile Include="PlayerSelector.cpp">
      <Filter>Archivos de origen\GameManager</Filter>
    </ClCompile>
    <ClCompile Include="HistoryManager.cpp">
      <Filter>Archivos de origen\GameManager</Filter>
    </ClCompile>
    <ClCompile Include="BackgroundManager.cpp">
      <Filter>Archivos de origen\GameManager</Filter>
    </ClCompile>
    <ClCompile Include="Courtyard.cpp">
      <Filter>Archivos de origen\GameManager\Backgrounds</Filter>
    </ClCompile>
    <ClCompile Include="BattleManager.cpp">
      <Filter>Archivos de origen\GameManager</Filter>
    </ClCompile>
    <ClCompile Include="Warrior_Shrine.cpp">
      <Filter>Archivos de origen\GameManager\Backgrounds</Filter>
    </ClCompile>
    <ClCompile Include="The_Pit.cpp">
      <Filter>Archivos de origen\GameManager\Backgrounds</Filter>
    </ClCompile>
    <ClCompile Include="AnimationGroup.cpp">
      <Filter>Archivos de origen\GameManager</Filter>
    </ClCompile>
    <ClCompile Include="Animation.cpp">
      <Filter>Archivos de origen\GameManager</Filter>
    </ClCompile>
    <ClCompile Include="Character.cpp">
      <Filter>Archivos de origen\GameManager</Filter>
    </ClCompile>
    <ClCompile Include="MusicManager.cpp">
      <Filter>Archivos de origen\GameManager</Filter>
    </ClCompile>
    <ClCompile Include="DeadManager.cpp">
      <Filter>Archivos de origen\GameManager</Filter>
    </ClCompile>
    <ClCompile Include="FinishManager.cpp">
      <Filter>Archivos de origen\GameManager</Filter>
    </ClCompile>
  </ItemGroup>
  <ItemGroup>
    <ClInclude Include="EventManager.h">
      <Filter>Archivos de encabezado\GameManager</Filter>
    </ClInclude>
    <ClInclude Include="StartManager.h">
      <Filter>Archivos de encabezado\GameManager</Filter>
    </ClInclude>
    <ClInclude Include="MenuManager.h">
      <Filter>Archivos de encabezado\GameManager</Filter>
    </ClInclude>
    <ClInclude Include="OptionsManager.h">
      <Filter>Archivos de encabezado\GameManager</Filter>
    </ClInclude>
    <ClInclude Include="TransitionManager.h">
      <Filter>Archivos de encabezado\GameManager</Filter>
    </ClInclude>
    <ClInclude Include="PlayerSelector.h">
      <Filter>Archivos de encabezado\GameManager</Filter>
    </ClInclude>
    <ClInclude Include="HistoryManager.h">
      <Filter>Archivos de encabezado\GameManager</Filter>
    </ClInclude>
    <ClInclude Include="BackgroundManager.h">
      <Filter>Archivos de encabezado\GameManager</Filter>
    </ClInclude>
    <ClInclude Include="Courtyard.h">
      <Filter>Archivos de encabezado\GameManager\Backgrounds</Filter>
    </ClInclude>
    <ClInclude Include="BattleManager.h">
      <Filter>Archivos de encabezado\GameManager</Filter>
    </ClInclude>
    <ClInclude Include="GlobalVars.h">
      <Filter>Archivos de encabezado\GameManager</Filter>
    </ClInclude>
    <ClInclude Include="Warrior_Shrine.h">
      <Filter>Archivos de encabezado\GameManager\Backgrounds</Filter>
    </ClInclude>
    <ClInclude Include="The_Pit.h">
      <Filter>Archivos de encabezado\GameManager\Backgrounds</Filter>
    </ClInclude>
    <ClInclude Include="AnimationGroup.h">
      <Filter>Archivos de encabezado\GameManager</Filter>
    </ClInclude>
    <ClInclude Include="Animation.h">
      <Filter>Archivos de encabezado\GameManager</Filter>
    </ClInclude>
    <ClInclude Include="Character.h">
      <Filter>Archivos de encabezado\GameManager</Filter>
    </ClInclude>
    <ClInclude Include="Movement.h">
      <Filter>Archivos de encabezado\GameManager</Filter>
    </ClInclude>
    <ClInclude Include="Goro.h">
      <Filter>Archivos de encabezado\GameManager\Characters</Filter>
    </ClInclude>
    <ClInclude Include="LiuKang.h">
      <Filter>Archivos de encabezado\GameManager\Characters</Filter>
    </ClInclude>
    <ClInclude Include="Scorpion.h">
      <Filter>Archivos de encabezado\GameManager\Characters</Filter>
    </ClInclude>
    <ClInclude Include="Sonya_Blade.h">
      <Filter>Archivos de encabezado\GameManager\Characters</Filter>
    </ClInclude>
    <ClInclude Include="MusicManager.h">
      <Filter>Archivos de encabezado\GameManager</Filter>
    </ClInclude>
    <ClInclude Include="Recover.h">
      <Filter>Archivos de encabezado\GameManager</Filter>
    </ClInclude>
    <ClInclude Include="DeadManager.h">
      <Filter>Archivos de encabezado\GameManager</Filter>
    </ClInclude>
    <ClInclude Include="FinishManager.h">
      <Filter>Archivos de encabezado\GameManager</Filter>
    </ClInclude>
    <ClInclude Include="Playeable.h">
      <Filter>Archivos de encabezado</Filter>
    </ClInclude>
    <ClInclude Include="SpecialAttack.h">
      <Filter>Archivos de encabezado\GameManager</Filter>
    </ClInclude>
  </ItemGroup>
</Project>